
Microsoft Visual Studio Solution File, Format Version 12.00
# Visual Studio Version 16
VisualStudioVersion = 16.0.29020.237
MinimumVisualStudioVersion = 10.0.40219.1
Project("{FAE04EC0-301F-11D3-BF4B-00C04F79EFBC}") = "Core Authentication", "Core Authentication\Core Authentication.csproj", "{A66CC5DB-8E90-4D25-9A04-E637218C0836}"
EndProject
Global
	GlobalSection(SolutionConfigurationPlatforms) = preSolution
		Debug|Any CPU = Debug|Any CPU
		Release|Any CPU = Release|Any CPU
	EndGlobalSection
	GlobalSection(ProjectConfigurationPlatforms) = postSolution
		{A66CC5DB-8E90-4D25-9A04-E637218C0836}.Debug|Any CPU.ActiveCfg = Debug|Any CPU
		{A66CC5DB-8E90-4D25-9A04-E637218C0836}.Debug|Any CPU.Build.0 = Debug|Any CPU
		{A66CC5DB-8E90-4D25-9A04-E637218C0836}.Release|Any CPU.ActiveCfg = Release|Any CPU
		{A66CC5DB-8E90-4D25-9A04-E637218C0836}.Release|Any CPU.Build.0 = Release|Any CPU
	EndGlobalSection
	GlobalSection(SolutionProperties) = preSolution
		HideSolutionNode = FALSE
	EndGlobalSection
	GlobalSection(ExtensibilityGlobals) = postSolution
		SolutionGuid = {4DB52083-F45E-4C19-979E-5EF3A170AAC8}
	EndGlobalSection
EndGlobal
